{"1.2.0",
[{<<"backoff">>,{pkg,<<"backoff">>,<<"1.1.6">>},3},
 {<<"cowboy">>,{pkg,<<"cowboy">>,<<"2.13.0">>},1},
 {<<"cowlib">>,{pkg,<<"cowlib">>,<<"2.16.0">>},2},
 {<<"erlydtl">>,{pkg,<<"erlydtl">>,<<"0.14.0">>},1},
 {<<"jhn_stdlib">>,{pkg,<<"jhn_stdlib">>,<<"5.4.0">>},1},
 {<<"jose">>,{pkg,<<"jose">>,<<"1.11.12">>},3},
 {<<"kura">>,{pkg,<<"kura">>,<<"1.18.0">>},1},
 {<<"nova">>,{pkg,<<"nova">>,<<"0.14.1">>},0},
 {<<"nova_auth">>,{pkg,<<"nova_auth">>,<<"0.1.1">>},1},
 {<<"nova_auth_oidc">>,{pkg,<<"nova_auth_oidc">>,<<"0.1.0">>},1},
 {<<"nova_resilience">>,{pkg,<<"nova_resilience">>,<<"1.0.3">>},1},
 {<<"oidcc">>,{pkg,<<"oidcc">>,<<"3.7.0">>},2},
 {<<"opentelemetry_api">>,{pkg,<<"opentelemetry_api">>,<<"1.5.0">>},3},
 {<<"pg_types">>,{pkg,<<"pg_types">>,<<"0.6.0">>},3},
 {<<"pgo">>,{pkg,<<"pgo">>,<<"0.20.0">>},2},
 {<<"ranch">>,{pkg,<<"ranch">>,<<"2.2.0">>},2},
 {<<"routing_tree">>,{pkg,<<"routing_tree">>,<<"1.0.11">>},1},
 {<<"seki">>,{pkg,<<"seki">>,<<"0.4.3">>},1},
 {<<"shigoto">>,{pkg,<<"shigoto">>,<<"1.2.1">>},1},
 {<<"telemetry">>,{pkg,<<"telemetry">>,<<"1.4.1">>},2},
 {<<"telemetry_registry">>,{pkg,<<"telemetry_registry">>,<<"0.3.2">>},3},
 {<<"thoas">>,{pkg,<<"thoas">>,<<"1.2.1">>},1}]}.
[
{pkg_hash,[
 {<<"backoff">>, <<"83B72ED2108BA1EE8F7D1C22E0B4A00CFE3593A67DBC792799E8CCE9F42F796B">>},
 {<<"cowboy">>, <<"09D770DD5F6A22CC60C071F432CD7CB87776164527F205C5A6B0F24FF6B38990">>},
 {<<"cowlib">>, <<"54592074EBBBB92EE4746C8A8846E5605052F29309D3A873468D76CDF932076F">>},
 {<<"erlydtl">>, <<"964B2DC84F8C17ACFAA69C59BA129EF26AC45D2BA898C3C6AD9B5BDC8BA13CED">>},
 {<<"jhn_stdlib">>, <<"FAC6F19B35351278F1CB156E23A5B2A6047A9DD5AB1FD9E1189A7918006DF7ED">>},
 {<<"jose">>, <<"06E62B467B61D3726CBC19E9B5489F7549C37993DE846DFB3EE8259F9ED208B3">>},
 {<<"kura">>, <<"2C9A676C2D2AB2C85F00733A4E22A9E849CF489E9B19E98BA5781231526525E5">>},
 {<<"nova">>, <<"426AAA12DFB38E5CA4EC6EE3AA6066917BDCBD91C00BE53BF875161963CBA216">>},
 {<<"nova_auth">>, <<"59C481D5AF498AF8780936FB428E22320051D63A900F7D63E3692D302913369A">>},
 {<<"nova_auth_oidc">>, <<"C0077E345186F945CA12701366ED9953131CF585E5E91B26D6608AC0116D7B88">>},
 {<<"nova_resilience">>, <<"353C95496647B8FFF390D3367F2BA126F2998F6EACFFC4F06BA900CD401B3441">>},
 {<<"oidcc">>, <<"0AAD613C4C44D1E807C3BC0A6E01C353B9627303447F86AF429AEAC2D08C0A9E">>},
 {<<"opentelemetry_api">>, <<"1A676F3E3340CAB81C763E939A42E11A70C22863F645AA06AAFEFC689B5550CF">>},
 {<<"pg_types">>, <<"B530C56330A59288BE49CDD27739EC025B6E877A475AE70BF95B04F1E3A817C4">>},
 {<<"pgo">>, <<"4F4A1FCB0A4894311BE238195BDAD4DF80312AB091DB87FE5348FAFA4DA75F87">>},
 {<<"ranch">>, <<"25528F82BC8D7C6152C57666CA99EC716510FE0925CB188172F41CE93117B1B0">>},
 {<<"routing_tree">>, <<"72ACEF2095F0EC804F7AFD07EF781DDE5009425A1CA0A28F0706B1DB334A4812">>},
 {<<"seki">>, <<"3A9209AD6154DA08084E8409C8F97586C79855450A748D989EDF23483B90B8B8">>},
 {<<"shigoto">>, <<"FF16E83A2F6E23A209BB2FA4970A743068A7995A10B8FA4567AD9A4835B62CD4">>},
 {<<"telemetry">>, <<"AB6DE178E2B29B58E8256B92B382EA3F590A47152CA3651EA857A6CAE05AC423">>},
 {<<"telemetry_registry">>, <<"701576890320BE6428189BFF963E865E8F23E0FF3615EADE8F78662BE0FC003C">>},
 {<<"thoas">>, <<"19A25F31177A17E74004D4840F66D791D4298C5738790FA2CC73731EB911F195">>}]},
{pkg_hash_ext,[
 {<<"backoff">>, <<"CF0CFFF8995FB20562F822E5CC47D8CCF664C5ECDC26A684CBE85C225F9D7C39">>},
 {<<"cowboy">>, <<"E724D3A70995025D654C1992C7B11DBFEA95205C047D86FF9BF1CDA92DDC5614">>},
 {<<"cowlib">>, <<"7F478D80D66B747344F0EA7708C187645CFCC08B11AA424632F78E25BF05DB51">>},
 {<<"erlydtl">>, <<"D80EC044CD8F58809C19D29AC5605BE09E955040911B644505E31E9DD8143431">>},
 {<<"jhn_stdlib">>, <<"7EABD1B01D2DEFF495BF7C5CA1DBA4D3FA0B84DC3AF03CA85F31D52EBB03C6FC">>},
 {<<"jose">>, <<"31E92B653E9210B696765CDD885437457DE1ADD2A9011D92F8CF63E4641BAB7B">>},
 {<<"kura">>, <<"EFD33AFA659CAFF11004E07678D9D6CA9DF184E30DC9DEA06257FD39AC0F45C8">>},
 {<<"nova">>, <<"6E932989B70F4E235EBC8C7A6D0560E4B22A18760A651129BC84FA1A90C05B34">>},
 {<<"nova_auth">>, <<"57CBF808DCA21CA4BDB877A92476E78622240A633DC61DCF9C80F846E32574B3">>},
 {<<"nova_auth_oidc">>, <<"E7343A22815144E1ABFD1F73D93904FD0960E8A070E3C831FB5AE9BB0FABD69B">>},
 {<<"nova_resilience">>, <<"FFF1FE82634386A944553B2B2483AB3D140DAEA27A24A42AA1AFDD3E0BB97B0B">>},
 {<<"oidcc">>, <<"A7414B744DCD64D238DC48E93A9F298B7D18E06AE5E699A66C54DD43BD594FAE">>},
 {<<"opentelemetry_api">>, <<"F53EC8A1337AE4A487D43AC89DA4BD3A3C99DDF576655D071DEED8B56A2D5DDA">>},
 {<<"pg_types">>, <<"9949A4849DD13408FA249AB7B745E0D2DFDB9532AEE2B9722326E33CD082A778">>},
 {<<"pgo">>, <<"2F11E6649CEB38E569EF56B16BE1D04874AE5B11A02867080A2817CE423C683B">>},
 {<<"ranch">>, <<"FA0B99A1780C80218A4197A59EA8D3BDAE32FBFF7E88527D7D8A4787EFF4F8E7">>},
 {<<"routing_tree">>, <<"85982C7AC502892C5179CD2A591331003BACD2D2A71723640BA7D23F45408E6E">>},
 {<<"seki">>, <<"5493BAC387329DE722AC5BCB967364CACECC104AE3E6ED143863453263DC6DB4">>},
 {<<"shigoto">>, <<"C47958F66CBC50C094012BBA4B8F0CD2D9E643EFD3656B0B5A834CBE932E5743">>},
 {<<"telemetry">>, <<"2172E05A27531D3D31DD9782841065C50DD5C3C7699D95266B2EDD54C2DAFA1C">>},
 {<<"telemetry_registry">>, <<"E7ED191EB1D115A3034AF8E1E35E4E63D5348851D556646D46CA3D1B4E16BAB9">>},
 {<<"thoas">>, <<"E38697EDFFD6E91BD12CEA41B155115282630075C2A727E7A6B2947F5408B86A">>}]}
].
